
Microsoft Visual Studio Solution File, Format Version 12.00
# Visual Studio Version 16
VisualStudioVersion = 16.0.29418.71
MinimumVisualStudioVersion = 15.0.26124.0
Project("{9A19103F-16F7-4668-BE54-9A1E7A4F7556}") = "DeviceSensorApi", "DeviceSensorApi\DeviceSensorApi.csproj", "{0C8A78C0-C3E7-4E20-BEE3-AF235EF008E0}"
EndProject
Project("{9A19103F-16F7-4668-BE54-9A1E7A4F7556}") = "DeviceSensorWeb", "DeviceSensorWeb\DeviceSensorWeb.csproj", "{CEA303EB-7572-468F-824D-49AF4787E564}"
EndProject
Global
	GlobalSection(SolutionConfigurationPlatforms) = preSolution
		Debug|Any CPU = Debug|Any CPU
		Debug|x64 = Debug|x64
		Debug|x86 = Debug|x86
		Release|Any CPU = Release|Any CPU
		Release|x64 = Release|x64
		Release|x86 = Release|x86
	EndGlobalSection
	GlobalSection(ProjectConfigurationPlatforms) = postSolution
		{0C8A78C0-C3E7-4E20-BEE3-AF235EF008E0}.Debug|Any CPU.ActiveCfg = Debug|Any CPU
		{0C8A78C0-C3E7-4E20-BEE3-AF235EF008E0}.Debug|Any CPU.Build.0 = Debug|Any CPU
		{0C8A78C0-C3E7-4E20-BEE3-AF235EF008E0}.Debug|x64.ActiveCfg = Debug|Any CPU
		{0C8A78C0-C3E7-4E20-BEE3-AF235EF008E0}.Debug|x64.Build.0 = Debug|Any CPU
		{0C8A78C0-C3E7-4E20-BEE3-AF235EF008E0}.Debug|x86.ActiveCfg = Debug|Any CPU
		{0C8A78C0-C3E7-4E20-BEE3-AF235EF008E0}.Debug|x86.Build.0 = Debug|Any CPU
		{0C8A78C0-C3E7-4E20-BEE3-AF235EF008E0}.Release|Any CPU.ActiveCfg = Release|Any CPU
		{0C8A78C0-C3E7-4E20-BEE3-AF235EF008E0}.Release|Any CPU.Build.0 = Release|Any CPU
		{0C8A78C0-C3E7-4E20-BEE3-AF235EF008E0}.Release|x64.ActiveCfg = Release|Any CPU
		{0C8A78C0-C3E7-4E20-BEE3-AF235EF008E0}.Release|x64.Build.0 = Release|Any CPU
		{0C8A78C0-C3E7-4E20-BEE3-AF235EF008E0}.Release|x86.ActiveCfg = Release|Any CPU
		{0C8A78C0-C3E7-4E20-BEE3-AF235EF008E0}.Release|x86.Build.0 = Release|Any CPU
		{CEA303EB-7572-468F-824D-49AF4787E564}.Debug|Any CPU.ActiveCfg = Debug|Any CPU
		{CEA303EB-7572-468F-824D-49AF4787E564}.Debug|Any CPU.Build.0 = Debug|Any CPU
		{CEA303EB-7572-468F-824D-49AF4787E564}.Debug|x64.ActiveCfg = Debug|Any CPU
		{CEA303EB-7572-468F-824D-49AF4787E564}.Debug|x64.Build.0 = Debug|Any CPU
		{CEA303EB-7572-468F-824D-49AF4787E564}.Debug|x86.ActiveCfg = Debug|Any CPU
		{CEA303EB-7572-468F-824D-49AF4787E564}.Debug|x86.Build.0 = Debug|Any CPU
		{CEA303EB-7572-468F-824D-49AF4787E564}.Release|Any CPU.ActiveCfg = Release|Any CPU
		{CEA303EB-7572-468F-824D-49AF4787E564}.Release|Any CPU.Build.0 = Release|Any CPU
		{CEA303EB-7572-468F-824D-49AF4787E564}.Release|x64.ActiveCfg = Release|Any CPU
		{CEA303EB-7572-468F-824D-49AF4787E564}.Release|x64.Build.0 = Release|Any CPU
		{CEA303EB-7572-468F-824D-49AF4787E564}.Release|x86.ActiveCfg = Release|Any CPU
		{CEA303EB-7572-468F-824D-49AF4787E564}.Release|x86.Build.0 = Release|Any CPU
	EndGlobalSection
	GlobalSection(SolutionProperties) = preSolution
		HideSolutionNode = FALSE
	EndGlobalSection
	GlobalSection(ExtensibilityGlobals) = postSolution
		SolutionGuid = {C68460E1-F25E-4DF1-A8B2-CCBF2F04707A}
	EndGlobalSection
EndGlobal
